
Microsoft Visual Studio Solution File, Format Version 9.00
# Visual Studio 2005
Project("{FAE04EC0-301F-11D3-BF4B-00C04F79EFBC}") = "NLOC.Core", "Core\Core.csproj", "{1014E727-9C15-48E5-AB29-FEDD08FF43B4}"
EndProject
Project("{FAE04EC0-301F-11D3-BF4B-00C04F79EFBC}") = "NLOC.Console", "Console\Console.csproj", "{9F4AF016-7572-4B77-8C6F-D216F5287360}"
EndProject
Global
	GlobalSection(SolutionConfigurationPlatforms) = preSolution
		Debug|Any CPU = Debug|Any CPU
		Release|Any CPU = Release|Any CPU
	EndGlobalSection
	GlobalSection(ProjectConfigurationPlatforms) = postSolution
		{1014E727-9C15-48E5-AB29-FEDD08FF43B4}.Debug|Any CPU.ActiveCfg = Debug|Any CPU
		{1014E727-9C15-48E5-AB29-FEDD08FF43B4}.Debug|Any CPU.Build.0 = Debug|Any CPU
		{1014E727-9C15-48E5-AB29-FEDD08FF43B4}.Release|Any CPU.ActiveCfg = Release|Any CPU
		{1014E727-9C15-48E5-AB29-FEDD08FF43B4}.Release|Any CPU.Build.0 = Release|Any CPU
		{9F4AF016-7572-4B77-8C6F-D216F5287360}.Debug|Any CPU.ActiveCfg = Debug|Any CPU
		{9F4AF016-7572-4B77-8C6F-D216F5287360}.Debug|Any CPU.Build.0 = Debug|Any CPU
		{9F4AF016-7572-4B77-8C6F-D216F5287360}.Release|Any CPU.ActiveCfg = Release|Any CPU
		{9F4AF016-7572-4B77-8C6F-D216F5287360}.Release|Any CPU.Build.0 = Release|Any CPU
	EndGlobalSection
	GlobalSection(SolutionProperties) = preSolution
		HideSolutionNode = FALSE
	EndGlobalSection
EndGlobal
